// !$*UTF8*$!
{
	archiveVersion = 1;
	classes = {
	};
	objectVersion = 56;
	objects = {

/* Begin PBXBuildFile section */
		032446DF2ACF32C600DDADDA /* WorkoutCardView.swift in Sources */ = {isa = PBXBuildFile; fileRef = 032446DE2ACF32C600DDADDA /* WorkoutCardView.swift */; };
		032446E12ACF39DC00DDADDA /* DateAndTimePicker.swift in Sources */ = {isa = PBXBuildFile; fileRef = 032446E02ACF39DC00DDADDA /* DateAndTimePicker.swift */; };
		033D5FF92ADEAA7B00A2E903 /* WorkoutView.swift in Sources */ = {isa = PBXBuildFile; fileRef = 033D5FF82ADEAA7B00A2E903 /* WorkoutView.swift */; };
		033D5FFB2ADEB98700A2E903 /* GlassmorphismBackground.swift in Sources */ = {isa = PBXBuildFile; fileRef = 033D5FFA2ADEB98700A2E903 /* GlassmorphismBackground.swift */; };
		036CBB972ABDB3D00074F2BE /* Nogi_NotebookApp.swift in Sources */ = {isa = PBXBuildFile; fileRef = 036CBB962ABDB3D00074F2BE /* Nogi_NotebookApp.swift */; };
		036CBB992ABDB3D00074F2BE /* ContentView.swift in Sources */ = {isa = PBXBuildFile; fileRef = 036CBB982ABDB3D00074F2BE /* ContentView.swift */; };
		036CBB9B2ABDB3D20074F2BE /* Assets.xcassets in Resources */ = {isa = PBXBuildFile; fileRef = 036CBB9A2ABDB3D20074F2BE /* Assets.xcassets */; };
		036CBB9F2ABDB3D20074F2BE /* Preview Assets.xcassets in Resources */ = {isa = PBXBuildFile; fileRef = 036CBB9E2ABDB3D20074F2BE /* Preview Assets.xcassets */; };
		036CBBA62ABDB5A30074F2BE /* SubmissionListView.swift in Sources */ = {isa = PBXBuildFile; fileRef = 036CBBA52ABDB5A30074F2BE /* SubmissionListView.swift */; };
		036CBBA82ABDB6230074F2BE /* submissions.json in Resources */ = {isa = PBXBuildFile; fileRef = 036CBBA72ABDB6230074F2BE /* submissions.json */; };
		036CBBAA2ABDB63B0074F2BE /* Submission.swift in Sources */ = {isa = PBXBuildFile; fileRef = 036CBBA92ABDB63B0074F2BE /* Submission.swift */; };
		036CBBAC2ABDB9D60074F2BE /* SubmissionDetailView.swift in Sources */ = {isa = PBXBuildFile; fileRef = 036CBBAB2ABDB9D60074F2BE /* SubmissionDetailView.swift */; };
		036CBBAE2ABDBFE40074F2BE /* AddTraningView.swift in Sources */ = {isa = PBXBuildFile; fileRef = 036CBBAD2ABDBFE40074F2BE /* AddTraningView.swift */; };
		036CBBB02ABDE2610074F2BE /* Workout.swift in Sources */ = {isa = PBXBuildFile; fileRef = 036CBBAF2ABDE2610074F2BE /* Workout.swift */; };
		036CBBB22ABDE3300074F2BE /* WorkoutStore.swift in Sources */ = {isa = PBXBuildFile; fileRef = 036CBBB12ABDE3300074F2BE /* WorkoutStore.swift */; };
		03F01C452AE4057E00C55FB2 /* WorkoutListView.swift in Sources */ = {isa = PBXBuildFile; fileRef = 03F01C442AE4057E00C55FB2 /* WorkoutListView.swift */; };
/* End PBXBuildFile section */

/* Begin PBXFileReference section */
		032446DE2ACF32C600DDADDA /* WorkoutCardView.swift */ = {isa = PBXFileReference; lastKnownFileType = sourcecode.swift; path = WorkoutCardView.swift; sourceTree = "<group>"; };
		032446E02ACF39DC00DDADDA /* DateAndTimePicker.swift */ = {isa = PBXFileReference; lastKnownFileType = sourcecode.swift; path = DateAndTimePicker.swift; sourceTree = "<group>"; };
		033D5FF82ADEAA7B00A2E903 /* WorkoutView.swift */ = {isa = PBXFileReference; lastKnownFileType = sourcecode.swift; path = WorkoutView.swift; sourceTree = "<group>"; };
		033D5FFA2ADEB98700A2E903 /* GlassmorphismBackground.swift */ = {isa = PBXFileReference; lastKnownFileType = sourcecode.swift; path = GlassmorphismBackground.swift; sourceTree = "<group>"; };
		036CBB932ABDB3D00074F2BE /* Nogi Notebook.app */ = {isa = PBXFileReference; explicitFileType = wrapper.application; includeInIndex = 0; path = "Nogi Notebook.app"; sourceTree = BUILT_PRODUCTS_DIR; };
		036CBB962ABDB3D00074F2BE /* Nogi_NotebookApp.swift */ = {isa = PBXFileReference; lastKnownFileType = sourcecode.swift; path = Nogi_NotebookApp.swift; sourceTree = "<group>"; };
		036CBB982ABDB3D00074F2BE /* ContentView.swift */ = {isa = PBXFileReference; lastKnownFileType = sourcecode.swift; path = ContentView.swift; sourceTree = "<group>"; };
		036CBB9A2ABDB3D20074F2BE /* Assets.xcassets */ = {isa = PBXFileReference; lastKnownFileType = folder.assetcatalog; path = Assets.xcassets; sourceTree = "<group>"; };
		036CBB9C2ABDB3D20074F2BE /* Nogi_Notebook.entitlements */ = {isa = PBXFileReference; lastKnownFileType = text.plist.entitlements; path = Nogi_Notebook.entitlements; sourceTree = "<group>"; };
		036CBB9E2ABDB3D20074F2BE /* Preview Assets.xcassets */ = {isa = PBXFileReference; lastKnownFileType = folder.assetcatalog; path = "Preview Assets.xcassets"; sourceTree = "<group>"; };
		036CBBA52ABDB5A30074F2BE /* SubmissionListView.swift */ = {isa = PBXFileReference; lastKnownFileType = sourcecode.swift; path = SubmissionListView.swift; sourceTree = "<group>"; };
		036CBBA72ABDB6230074F2BE /* submissions.json */ = {isa = PBXFileReference; lastKnownFileType = text.json; path = submissions.json; sourceTree = "<group>"; };
		036CBBA92ABDB63B0074F2BE /* Submission.swift */ = {isa = PBXFileReference; lastKnownFileType = sourcecode.swift; path = Submission.swift; sourceTree = "<group>"; };
		036CBBAB2ABDB9D60074F2BE /* SubmissionDetailView.swift */ = {isa = PBXFileReference; lastKnownFileType = sourcecode.swift; path = SubmissionDetailView.swift; sourceTree = "<group>"; };
		036CBBAD2ABDBFE40074F2BE /* AddTraningView.swift */ = {isa = PBXFileReference; lastKnownFileType = sourcecode.swift; path = AddTraningView.swift; sourceTree = "<group>"; };
		036CBBAF2ABDE2610074F2BE /* Workout.swift */ = {isa = PBXFileReference; lastKnownFileType = sourcecode.swift; path = Workout.swift; sourceTree = "<group>"; };
		036CBBB12ABDE3300074F2BE /* WorkoutStore.swift */ = {isa = PBXFileReference; lastKnownFileType = sourcecode.swift; path = WorkoutStore.swift; sourceTree = "<group>"; };
		03F01C442AE4057E00C55FB2 /* WorkoutListView.swift */ = {isa = PBXFileReference; lastKnownFileType = sourcecode.swift; path = WorkoutListView.swift; sourceTree = "<group>"; };
/* End PBXFileReference section */

/* Begin PBXFrameworksBuildPhase section */
		036CBB902ABDB3D00074F2BE /* Frameworks */ = {
			isa = PBXFrameworksBuildPhase;
			buildActionMask = 2147483647;
			files = (
			);
			runOnlyForDeploymentPostprocessing = 0;
		};
/* End PBXFrameworksBuildPhase section */

/* Begin PBXGroup section */
		036CBB8A2ABDB3D00074F2BE = {
			isa = PBXGroup;
			children = (
				036CBB952ABDB3D00074F2BE /* Nogi Notebook */,
				036CBB942ABDB3D00074F2BE /* Products */,
			);
			sourceTree = "<group>";
		};
		036CBB942ABDB3D00074F2BE /* Products */ = {
			isa = PBXGroup;
			children = (
				036CBB932ABDB3D00074F2BE /* Nogi Notebook.app */,
			);
			name = Products;
			sourceTree = "<group>";
		};
		036CBB952ABDB3D00074F2BE /* Nogi Notebook */ = {
			isa = PBXGroup;
			children = (
				036CBB962ABDB3D00074F2BE /* Nogi_NotebookApp.swift */,
				036CBB982ABDB3D00074F2BE /* ContentView.swift */,
				03F01C432AE4051200C55FB2 /* Workout Views */,
				036CBBA52ABDB5A30074F2BE /* SubmissionListView.swift */,
				036CBBAB2ABDB9D60074F2BE /* SubmissionDetailView.swift */,
				036CBBA92ABDB63B0074F2BE /* Submission.swift */,
				033D5FFA2ADEB98700A2E903 /* GlassmorphismBackground.swift */,
				036CBBA72ABDB6230074F2BE /* submissions.json */,
				036CBB9A2ABDB3D20074F2BE /* Assets.xcassets */,
				036CBB9C2ABDB3D20074F2BE /* Nogi_Notebook.entitlements */,
				036CBB9D2ABDB3D20074F2BE /* Preview Content */,
			);
			path = "Nogi Notebook";
			sourceTree = "<group>";
		};
		036CBB9D2ABDB3D20074F2BE /* Preview Content */ = {
			isa = PBXGroup;
			children = (
				036CBB9E2ABDB3D20074F2BE /* Preview Assets.xcassets */,
			);
			path = "Preview Content";
			sourceTree = "<group>";
		};
		03F01C432AE4051200C55FB2 /* Workout Views */ = {
			isa = PBXGroup;
			children = (
				03F01C442AE4057E00C55FB2 /* WorkoutListView.swift */,
				032446DE2ACF32C600DDADDA /* WorkoutCardView.swift */,
				033D5FF82ADEAA7B00A2E903 /* WorkoutView.swift */,
				036CBBAD2ABDBFE40074F2BE /* AddTraningView.swift */,
				032446E02ACF39DC00DDADDA /* DateAndTimePicker.swift */,
				036CBBB12ABDE3300074F2BE /* WorkoutStore.swift */,
				036CBBAF2ABDE2610074F2BE /* Workout.swift */,
			);
			path = "Workout Views";
			sourceTree = "<group>";
		};
/* End PBXGroup section */

/* Begin PBXNativeTarget section */
		036CBB922ABDB3D00074F2BE /* Nogi Notebook */ = {
			isa = PBXNativeTarget;
			buildConfigurationList = 036CBBA22ABDB3D20074F2BE /* Build configuration list for PBXNativeTarget "Nogi Notebook" */;
			buildPhases = (
				036CBB8F2ABDB3D00074F2BE /* Sources */,
				036CBB902ABDB3D00074F2BE /* Frameworks */,
				036CBB912ABDB3D00074F2BE /* Resources */,
			);
			buildRules = (
			);
			dependencies = (
			);
			name = "Nogi Notebook";
			productName = "Nogi Notebook";
			productReference = 036CBB932ABDB3D00074F2BE /* Nogi Notebook.app */;
			productType = "com.apple.product-type.application";
		};
/* End PBXNativeTarget section */

/* Begin PBXProject section */
		036CBB8B2ABDB3D00074F2BE /* Project object */ = {
			isa = PBXProject;
			attributes = {
				BuildIndependentTargetsInParallel = 1;
				LastSwiftUpdateCheck = 1500;
				LastUpgradeCheck = 1500;
				TargetAttributes = {
					036CBB922ABDB3D00074F2BE = {
						CreatedOnToolsVersion = 15.0;
					};
				};
			};
			buildConfigurationList = 036CBB8E2ABDB3D00074F2BE /* Build configuration list for PBXProject "Nogi Notebook" */;
			compatibilityVersion = "Xcode 14.0";
			developmentRegion = en;
			hasScannedForEncodings = 0;
			knownRegions = (
				en,
				Base,
			);
			mainGroup = 036CBB8A2ABDB3D00074F2BE;
			productRefGroup = 036CBB942ABDB3D00074F2BE /* Products */;
			projectDirPath = "";
			projectRoot = "";
			targets = (
				036CBB922ABDB3D00074F2BE /* Nogi Notebook */,
			);
		};
/* End PBXProject section */

/* Begin PBXResourcesBuildPhase section */
		036CBB912ABDB3D00074F2BE /* Resources */ = {
			isa = PBXResourcesBuildPhase;
			buildActionMask = 2147483647;
			files = (
				036CBB9F2ABDB3D20074F2BE /* Preview Assets.xcassets in Resources */,
				036CBB9B2ABDB3D20074F2BE /* Assets.xcassets in Resources */,
				036CBBA82ABDB6230074F2BE /* submissions.json in Resources */,
			);
			runOnlyForDeploymentPostprocessing = 0;
		};
/* End PBXResourcesBuildPhase section */

/* Begin PBXSourcesBuildPhase section */
		036CBB8F2ABDB3D00074F2BE /* Sources */ = {
			isa = PBXSourcesBuildPhase;
			buildActionMask = 2147483647;
			files = (
				033D5FF92ADEAA7B00A2E903 /* WorkoutView.swift in Sources */,
				03F01C452AE4057E00C55FB2 /* WorkoutListView.swift in Sources */,
				033D5FFB2ADEB98700A2E903 /* GlassmorphismBackground.swift in Sources */,
				036CBBAE2ABDBFE40074F2BE /* AddTraningView.swift in Sources */,
				036CBBA62ABDB5A30074F2BE /* SubmissionListView.swift in Sources */,
				032446E12ACF39DC00DDADDA /* DateAndTimePicker.swift in Sources */,
				036CBBB02ABDE2610074F2BE /* Workout.swift in Sources */,
				036CBBAA2ABDB63B0074F2BE /* Submission.swift in Sources */,
				036CBB992ABDB3D00074F2BE /* ContentView.swift in Sources */,
				032446DF2ACF32C600DDADDA /* WorkoutCardView.swift in Sources */,
				036CBBB22ABDE3300074F2BE /* WorkoutStore.swift in Sources */,
				036CBBAC2ABDB9D60074F2BE /* SubmissionDetailView.swift in Sources */,
				036CBB972ABDB3D00074F2BE /* Nogi_NotebookApp.swift in Sources */,
			);
			runOnlyForDeploymentPostprocessing = 0;
		};
/* End PBXSourcesBuildPhase section */

/* Begin XCBuildConfiguration section */
		036CBBA02ABDB3D20074F2BE /* Debug */ = {
			isa = XCBuildConfiguration;
			buildSettings = {
				ALWAYS_SEARCH_USER_PATHS = NO;
				ASSETCATALOG_COMPILER_GENERATE_SWIFT_ASSET_SYMBOL_EXTENSIONS = YES;
				CLANG_ANALYZER_NONNULL = YES;
				CLANG_ANALYZER_NUMBER_OBJECT_CONVERSION = YES_AGGRESSIVE;
				CLANG_CXX_LANGUAGE_STANDARD = "gnu++20";
				CLANG_ENABLE_MODULES = YES;
				CLANG_ENABLE_OBJC_ARC = YES;
				CLANG_ENABLE_OBJC_WEAK = YES;
				CLANG_WARN_BLOCK_CAPTURE_AUTORELEASING = YES;
				CLANG_WARN_BOOL_CONVERSION = YES;
				CLANG_WARN_COMMA = YES;
				CLANG_WARN_CONSTANT_CONVERSION = YES;
				CLANG_WARN_DEPRECATED_OBJC_IMPLEMENTATIONS = YES;
				CLANG_WARN_DIRECT_OBJC_ISA_USAGE = YES_ERROR;
				CLANG_WARN_DOCUMENTATION_COMMENTS = YES;
				CLANG_WARN_EMPTY_BODY = YES;
				CLANG_WARN_ENUM_CONVERSION = YES;
				CLANG_WARN_INFINITE_RECURSION = YES;
				CLANG_WARN_INT_CONVERSION = YES;
				CLANG_WARN_NON_LITERAL_NULL_CONVERSION = YES;
				CLANG_WARN_OBJC_IMPLICIT_RETAIN_SELF = YES;
				CLANG_WARN_OBJC_LITERAL_CONVERSION = YES;
				CLANG_WARN_OBJC_ROOT_CLASS = YES_ERROR;
				CLANG_WARN_QUOTED_INCLUDE_IN_FRAMEWORK_HEADER = YES;
				CLANG_WARN_RANGE_LOOP_ANALYSIS = YES;
				CLANG_WARN_STRICT_PROTOTYPES = YES;
				CLANG_WARN_SUSPICIOUS_MOVE = YES;
				CLANG_WARN_UNGUARDED_AVAILABILITY = YES_AGGRESSIVE;
				CLANG_WARN_UNREACHABLE_CODE = YES;
				CLANG_WARN__DUPLICATE_METHOD_MATCH = YES;
				COPY_PHASE_STRIP = NO;
				DEBUG_INFORMATION_FORMAT = dwarf;
				ENABLE_STRICT_OBJC_MSGSEND = YES;
				ENABLE_TESTABILITY = YES;
				ENABLE_USER_SCRIPT_SANDBOXING = YES;
				GCC_C_LANGUAGE_STANDARD = gnu17;
				GCC_DYNAMIC_NO_PIC = NO;
				GCC_NO_COMMON_BLOCKS = YES;
				GCC_OPTIMIZATION_LEVEL = 0;
				GCC_PREPROCESSOR_DEFINITIONS = (
					"DEBUG=1",
					"$(inherited)",
				);
				GCC_WARN_64_TO_32_BIT_CONVERSION = YES;
				GCC_WARN_ABOUT_RETURN_TYPE = YES_ERROR;
				GCC_WARN_UNDECLARED_SELECTOR = YES;
				GCC_WARN_UNINITIALIZED_AUTOS = YES_AGGRESSIVE;
				GCC_WARN_UNUSED_FUNCTION = YES;
				GCC_WARN_UNUSED_VARIABLE = YES;
				LOCALIZATION_PREFERS_STRING_CATALOGS = YES;
				MTL_ENABLE_DEBUG_INFO = INCLUDE_SOURCE;
				MTL_FAST_MATH = YES;
				ONLY_ACTIVE_ARCH = YES;
				SWIFT_ACTIVE_COMPILATION_CONDITIONS = "DEBUG $(inherited)";
				SWIFT_OPTIMIZATION_LEVEL = "-Onone";
			};
			name = Debug;
		};
		036CBBA12ABDB3D20074F2BE /* Release */ = {
			isa = XCBuildConfiguration;
			buildSettings = {
				ALWAYS_SEARCH_USER_PATHS = NO;
				ASSETCATALOG_COMPILER_GENERATE_SWIFT_ASSET_SYMBOL_EXTENSIONS = YES;
				CLANG_ANALYZER_NONNULL = YES;
				CLANG_ANALYZER_NUMBER_OBJECT_CONVERSION = YES_AGGRESSIVE;
				CLANG_CXX_LANGUAGE_STANDARD = "gnu++20";
				CLANG_ENABLE_MODULES = YES;
				CLANG_ENABLE_OBJC_ARC = YES;
				CLANG_ENABLE_OBJC_WEAK = YES;
				CLANG_WARN_BLOCK_CAPTURE_AUTORELEASING = YES;
				CLANG_WARN_BOOL_CONVERSION = YES;
				CLANG_WARN_COMMA = YES;
				CLANG_WARN_CONSTANT_CONVERSION = YES;
				CLANG_WARN_DEPRECATED_OBJC_IMPLEMENTATIONS = YES;
				CLANG_WARN_DIRECT_OBJC_ISA_USAGE = YES_ERROR;
				CLANG_WARN_DOCUMENTATION_COMMENTS = YES;
				CLANG_WARN_EMPTY_BODY = YES;
				CLANG_WARN_ENUM_CONVERSION = YES;
				CLANG_WARN_INFINITE_RECURSION = YES;
				CLANG_WARN_INT_CONVERSION = YES;
				CLANG_WARN_NON_LITERAL_NULL_CONVERSION = YES;
				CLANG_WARN_OBJC_IMPLICIT_RETAIN_SELF = YES;
				CLANG_WARN_OBJC_LITERAL_CONVERSION = YES;
				CLANG_WARN_OBJC_ROOT_CLASS = YES_ERROR;
				CLANG_WARN_QUOTED_INCLUDE_IN_FRAMEWORK_HEADER = YES;
				CLANG_WARN_RANGE_LOOP_ANALYSIS = YES;
				CLANG_WARN_STRICT_PROTOTYPES = YES;
				CLANG_WARN_SUSPICIOUS_MOVE = YES;
				CLANG_WARN_UNGUARDED_AVAILABILITY = YES_AGGRESSIVE;
				CLANG_WARN_UNREACHABLE_CODE = YES;
				CLANG_WARN__DUPLICATE_METHOD_MATCH = YES;
				COPY_PHASE_STRIP = NO;
				DEBUG_INFORMATION_FORMAT = "dwarf-with-dsym";
				ENABLE_NS_ASSERTIONS = NO;
				ENABLE_STRICT_OBJC_MSGSEND = YES;
				ENABLE_USER_SCRIPT_SANDBOXING = YES;
				GCC_C_LANGUAGE_STANDARD = gnu17;
				GCC_NO_COMMON_BLOCKS = YES;
				GCC_WARN_64_TO_32_BIT_CONVERSION = YES;
				GCC_WARN_ABOUT_RETURN_TYPE = YES_ERROR;
				GCC_WARN_UNDECLARED_SELECTOR = YES;
				GCC_WARN_UNINITIALIZED_AUTOS = YES_AGGRESSIVE;
				GCC_WARN_UNUSED_FUNCTION = YES;
				GCC_WARN_UNUSED_VARIABLE = YES;
				LOCALIZATION_PREFERS_STRING_CATALOGS = YES;
				MTL_ENABLE_DEBUG_INFO = NO;
				MTL_FAST_MATH = YES;
				SWIFT_COMPILATION_MODE = wholemodule;
			};
			name = Release;
		};
		036CBBA32ABDB3D20074F2BE /* Debug */ = {
			isa = XCBuildConfiguration;
			buildSettings = {
				ASSETCATALOG_COMPILER_APPICON_NAME = AppIcon;
				ASSETCATALOG_COMPILER_GLOBAL_ACCENT_COLOR_NAME = AccentColor;
				CODE_SIGN_ENTITLEMENTS = "Nogi Notebook/Nogi_Notebook.entitlements";
				CODE_SIGN_STYLE = Automatic;
				CURRENT_PROJECT_VERSION = 1;
				DEVELOPMENT_ASSET_PATHS = "\"Nogi Notebook/Preview Content\"";
				ENABLE_PREVIEWS = YES;
				GENERATE_INFOPLIST_FILE = YES;
				"INFOPLIST_KEY_UIApplicationSceneManifest_Generation[sdk=iphoneos*]" = YES;
				"INFOPLIST_KEY_UIApplicationSceneManifest_Generation[sdk=iphonesimulator*]" = YES;
				"INFOPLIST_KEY_UIApplicationSupportsIndirectInputEvents[sdk=iphoneos*]" = YES;
				"INFOPLIST_KEY_UIApplicationSupportsIndirectInputEvents[sdk=iphonesimulator*]" = YES;
				"INFOPLIST_KEY_UILaunchScreen_Generation[sdk=iphoneos*]" = YES;
				"INFOPLIST_KEY_UILaunchScreen_Generation[sdk=iphonesimulator*]" = YES;
				"INFOPLIST_KEY_UIStatusBarStyle[sdk=iphoneos*]" = UIStatusBarStyleDefault;
				"INFOPLIST_KEY_UIStatusBarStyle[sdk=iphonesimulator*]" = UIStatusBarStyleDefault;
				INFOPLIST_KEY_UISupportedInterfaceOrientations_iPad = "UIInterfaceOrientationPortrait UIInterfaceOrientationPortraitUpsideDown UIInterfaceOrientationLandscapeLeft UIInterfaceOrientationLandscapeRight";
				INFOPLIST_KEY_UISupportedInterfaceOrientations_iPhone = "UIInterfaceOrientationPortrait UIInterfaceOrientationLandscapeLeft UIInterfaceOrientationLandscapeRight";
				IPHONEOS_DEPLOYMENT_TARGET = 17.0;
				LD_RUNPATH_SEARCH_PATHS = "@executable_path/Frameworks";
				"LD_RUNPATH_SEARCH_PATHS[sdk=macosx*]" = "@executable_path/../Frameworks";
				MACOSX_DEPLOYMENT_TARGET = 14.0;
				MARKETING_VERSION = 1.0;
				PRODUCT_BUNDLE_IDENTIFIER = "com.hosseinsharifi.Nogi-Notebook";
				PRODUCT_NAME = "$(TARGET_NAME)";
				SDKROOT = auto;
				SUPPORTED_PLATFORMS = "iphoneos iphonesimulator macosx";
				SWIFT_EMIT_LOC_STRINGS = YES;
				SWIFT_VERSION = 5.0;
				TARGETED_DEVICE_FAMILY = "1,2";
			};
			name = Debug;
		};
		036CBBA42ABDB3D20074F2BE /* Release */ = {
			isa = XCBuildConfiguration;
			buildSettings = {
				ASSETCATALOG_COMPILER_APPICON_NAME = AppIcon;
				ASSETCATALOG_COMPILER_GLOBAL_ACCENT_COLOR_NAME = AccentColor;
				CODE_SIGN_ENTITLEMENTS = "Nogi Notebook/Nogi_Notebook.entitlements";
				CODE_SIGN_STYLE = Automatic;
				CURRENT_PROJECT_VERSION = 1;
				DEVELOPMENT_ASSET_PATHS = "\"Nogi Notebook/Preview Content\"";
				ENABLE_PREVIEWS = YES;
				GENERATE_INFOPLIST_FILE = YES;
				"INFOPLIST_KEY_UIApplicationSceneManifest_Generation[sdk=iphoneos*]" = YES;
				"INFOPLIST_KEY_UIApplicationSceneManifest_Generation[sdk=iphonesimulator*]" = YES;
				"INFOPLIST_KEY_UIApplicationSupportsIndirectInputEvents[sdk=iphoneos*]" = YES;
				"INFOPLIST_KEY_UIApplicationSupportsIndirectInputEvents[sdk=iphonesimulator*]" = YES;
				"INFOPLIST_KEY_UILaunchScreen_Generation[sdk=iphoneos*]" = YES;
				"INFOPLIST_KEY_UILaunchScreen_Generation[sdk=iphonesimulator*]" = YES;
				"INFOPLIST_KEY_UIStatusBarStyle[sdk=iphoneos*]" = UIStatusBarStyleDefault;
				"INFOPLIST_KEY_UIStatusBarStyle[sdk=iphonesimulator*]" = UIStatusBarStyleDefault;
				INFOPLIST_KEY_UISupportedInterfaceOrientations_iPad = "UIInterfaceOrientationPortrait UIInterfaceOrientationPortraitUpsideDown UIInterfaceOrientationLandscapeLeft UIInterfaceOrientationLandscapeRight";
				INFOPLIST_KEY_UISupportedInterfaceOrientations_iPhone = "UIInterfaceOrientationPortrait UIInterfaceOrientationLandscapeLeft UIInterfaceOrientationLandscapeRight";
				IPHONEOS_DEPLOYMENT_TARGET = 17.0;
				LD_RUNPATH_SEARCH_PATHS = "@executable_path/Frameworks";
				"LD_RUNPATH_SEARCH_PATHS[sdk=macosx*]" = "@executable_path/../Frameworks";
				MACOSX_DEPLOYMENT_TARGET = 14.0;
				MARKETING_VERSION = 1.0;
				PRODUCT_BUNDLE_IDENTIFIER = "com.hosseinsharifi.Nogi-Notebook";
				PRODUCT_NAME = "$(TARGET_NAME)";
				SDKROOT = auto;
				SUPPORTED_PLATFORMS = "iphoneos iphonesimulator macosx";
				SWIFT_EMIT_LOC_STRINGS = YES;
				SWIFT_VERSION = 5.0;
				TARGETED_DEVICE_FAMILY = "1,2";
			};
			name = Release;
		};
/* End XCBuildConfiguration section */

/* Begin XCConfigurationList section */
		036CBB8E2ABDB3D00074F2BE /* Build configuration list for PBXProject "Nogi Notebook" */ = {
			isa = XCConfigurationList;
			buildConfigurations = (
				036CBBA02ABDB3D20074F2BE /* Debug */,
				036CBBA12ABDB3D20074F2BE /* Release */,
			);
			defaultConfigurationIsVisible = 0;
			defaultConfigurationName = Release;
		};
		036CBBA22ABDB3D20074F2BE /* Build configuration list for PBXNativeTarget "Nogi Notebook" */ = {
			isa = XCConfigurationList;
			buildConfigurations = (
				036CBBA32ABDB3D20074F2BE /* Debug */,
				036CBBA42ABDB3D20074F2BE /* Release */,
			);
			defaultConfigurationIsVisible = 0;
			defaultConfigurationName = Release;
		};
/* End XCConfigurationList section */
	};
	rootObject = 036CBB8B2ABDB3D00074F2BE /* Project object */;
}
